Microsoft Visual Studio Solution File, Format Version 12.00
# Visual Studio 15
VisualStudioVersion = 15.0.27130.2036
MinimumVisualStudioVersion = 10.0.40219.1
Project("{9A19103F-16F7-4668-BE54-9A1E7A4F7556}") = "BitcoinShow.Neo4j.Core", "BitcoinShow.Neo4j.Core\BitcoinShow.Neo4j.Core.csproj", "{BC62218E-C8E0-47A2-8F0E-080E3AC37301}"
EndProject
Project("{9A19103F-16F7-4668-BE54-9A1E7A4F7556}") = "BitcoinShow.Neo4j.Service.Test", "BitcoinShow.Neo4j.Service.Test\BitcoinShow.Neo4j.Service.Test.csproj", "{189DD1E9-8DB5-4984-9AA3-2D81CB97F413}"
EndProject
Project("{9A19103F-16F7-4668-BE54-9A1E7A4F7556}") = "BitcoinShow.Neo4j.Service", "BitcoinShow.Neo4j.Service\BitcoinShow.Neo4j.Service.csproj", "{6E9365CC-81E6-456E-9AD7-8D1C8B6C9F59}"
EndProject
Project("{9A19103F-16F7-4668-BE54-9A1E7A4F7556}") = "BitcoinShow.Neo4j.Repository", "BitcoinShow.Neo4j.Repository\BitcoinShow.Neo4j.Repository.csproj", "{2B1575B7-82A5-40EB-8D45-D70A07638608}"
EndProject
Project("{9A19103F-16F7-4668-BE54-9A1E7A4F7556}") = "Neo4j.Map.Extension", "..\..\Users\italo\Documents\Visual Studio 2017\Projects\Neo4j.Map.Extension\src\Neo4j.Map.Extension\Neo4j.Map.Extension.csproj", "{C0DD8252-418A-47A8-BB4C-D23C43068BF0}"
EndProject
Global
	GlobalSection(SolutionConfigurationPlatforms) = preSolution
		Debug|Any CPU = Debug|Any CPU
		Debug|x64 = Debug|x64
		Debug|x86 = Debug|x86
		Release|Any CPU = Release|Any CPU
		Release|x64 = Release|x64
		Release|x86 = Release|x86
	EndGlobalSection
	GlobalSection(ProjectConfigurationPlatforms) = postSolution
		{BC62218E-C8E0-47A2-8F0E-080E3AC37301}.Debug|Any CPU.ActiveCfg = Debug|Any CPU
		{BC62218E-C8E0-47A2-8F0E-080E3AC37301}.Debug|Any CPU.Build.0 = Debug|Any CPU
		{BC62218E-C8E0-47A2-8F0E-080E3AC37301}.Debug|x64.ActiveCfg = Debug|Any CPU
		{BC62218E-C8E0-47A2-8F0E-080E3AC37301}.Debug|x64.Build.0 = Debug|Any CPU
		{BC62218E-C8E0-47A2-8F0E-080E3AC37301}.Debug|x86.ActiveCfg = Debug|Any CPU
		{BC62218E-C8E0-47A2-8F0E-080E3AC37301}.Debug|x86.Build.0 = Debug|Any CPU
		{BC62218E-C8E0-47A2-8F0E-080E3AC37301}.Release|Any CPU.ActiveCfg = Release|Any CPU
		{BC62218E-C8E0-47A2-8F0E-080E3AC37301}.Release|Any CPU.Build.0 = Release|Any CPU
		{BC62218E-C8E0-47A2-8F0E-080E3AC37301}.Release|x64.ActiveCfg = Release|Any CPU
		{BC62218E-C8E0-47A2-8F0E-080E3AC37301}.Release|x64.Build.0 = Release|Any CPU
		{BC62218E-C8E0-47A2-8F0E-080E3AC37301}.Release|x86.ActiveCfg = Release|Any CPU
		{BC62218E-C8E0-47A2-8F0E-080E3AC37301}.Release|x86.Build.0 = Release|Any CPU
		{189DD1E9-8DB5-4984-9AA3-2D81CB97F413}.Debug|Any CPU.ActiveCfg = Debug|Any CPU
		{189DD1E9-8DB5-4984-9AA3-2D81CB97F413}.Debug|Any CPU.Build.0 = Debug|Any CPU
		{189DD1E9-8DB5-4984-9AA3-2D81CB97F413}.Debug|x64.ActiveCfg = Debug|Any CPU
		{189DD1E9-8DB5-4984-9AA3-2D81CB97F413}.Debug|x64.Build.0 = Debug|Any CPU
		{189DD1E9-8DB5-4984-9AA3-2D81CB97F413}.Debug|x86.ActiveCfg = Debug|Any CPU
		{189DD1E9-8DB5-4984-9AA3-2D81CB97F413}.Debug|x86.Build.0 = Debug|Any CPU
		{189DD1E9-8DB5-4984-9AA3-2D81CB97F413}.Release|Any CPU.ActiveCfg = Release|Any CPU
		{189DD1E9-8DB5-4984-9AA3-2D81CB97F413}.Release|Any CPU.Build.0 = Release|Any CPU
		{189DD1E9-8DB5-4984-9AA3-2D81CB97F413}.Release|x64.ActiveCfg = Release|Any CPU
		{189DD1E9-8DB5-4984-9AA3-2D81CB97F413}.Release|x64.Build.0 = Release|Any CPU
		{189DD1E9-8DB5-4984-9AA3-2D81CB97F413}.Release|x86.ActiveCfg = Release|Any CPU
		{189DD1E9-8DB5-4984-9AA3-2D81CB97F413}.Release|x86.Build.0 = Release|Any CPU
		{6E9365CC-81E6-456E-9AD7-8D1C8B6C9F59}.Debug|Any CPU.ActiveCfg = Debug|Any CPU
		{6E9365CC-81E6-456E-9AD7-8D1C8B6C9F59}.Debug|Any CPU.Build.0 = Debug|Any CPU
		{6E9365CC-81E6-456E-9AD7-8D1C8B6C9F59}.Debug|x64.ActiveCfg = Debug|Any CPU
		{6E9365CC-81E6-456E-9AD7-8D1C8B6C9F59}.Debug|x64.Build.0 = Debug|Any CPU
		{6E9365CC-81E6-456E-9AD7-8D1C8B6C9F59}.Debug|x86.ActiveCfg = Debug|Any CPU
		{6E9365CC-81E6-456E-9AD7-8D1C8B6C9F59}.Debug|x86.Build.0 = Debug|Any CPU
		{6E9365CC-81E6-456E-9AD7-8D1C8B6C9F59}.Release|Any CPU.ActiveCfg = Release|Any CPU
		{6E9365CC-81E6-456E-9AD7-8D1C8B6C9F59}.Release|Any CPU.Build.0 = Release|Any CPU
		{6E9365CC-81E6-456E-9AD7-8D1C8B6C9F59}.Release|x64.ActiveCfg = Release|Any CPU
		{6E9365CC-81E6-456E-9AD7-8D1C8B6C9F59}.Release|x64.Build.0 = Release|Any CPU
		{6E9365CC-81E6-456E-9AD7-8D1C8B6C9F59}.Release|x86.ActiveCfg = Release|Any CPU
		{6E9365CC-81E6-456E-9AD7-8D1C8B6C9F59}.Release|x86.Build.0 = Release|Any CPU
		{2B1575B7-82A5-40EB-8D45-D70A07638608}.Debug|Any CPU.ActiveCfg = Debug|Any CPU
		{2B1575B7-82A5-40EB-8D45-D70A07638608}.Debug|Any CPU.Build.0 = Debug|Any CPU
		{2B1575B7-82A5-40EB-8D45-D70A07638608}.Debug|x64.ActiveCfg = Debug|Any CPU
		{2B1575B7-82A5-40EB-8D45-D70A07638608}.Debug|x64.Build.0 = Debug|Any CPU
		{2B1575B7-82A5-40EB-8D45-D70A07638608}.Debug|x86.ActiveCfg = Debug|Any CPU
		{2B1575B7-82A5-40EB-8D45-D70A07638608}.Debug|x86.Build.0 = Debug|Any CPU
		{2B1575B7-82A5-40EB-8D45-D70A07638608}.Release|Any CPU.ActiveCfg = Release|Any CPU
		{2B1575B7-82A5-40EB-8D45-D70A07638608}.Release|Any CPU.Build.0 = Release|Any CPU
		{2B1575B7-82A5-40EB-8D45-D70A07638608}.Release|x64.ActiveCfg = Release|Any CPU
		{2B1575B7-82A5-40EB-8D45-D70A07638608}.Release|x64.Build.0 = Release|Any CPU
		{2B1575B7-82A5-40EB-8D45-D70A07638608}.Release|x86.ActiveCfg = Release|Any CPU
		{2B1575B7-82A5-40EB-8D45-D70A07638608}.Release|x86.Build.0 = Release|Any CPU
		{C0DD8252-418A-47A8-BB4C-D23C43068BF0}.Debug|Any CPU.ActiveCfg = Debug|Any CPU
		{C0DD8252-418A-47A8-BB4C-D23C43068BF0}.Debug|Any CPU.Build.0 = Debug|Any CPU
		{C0DD8252-418A-47A8-BB4C-D23C43068BF0}.Debug|x64.ActiveCfg = Debug|Any CPU
		{C0DD8252-418A-47A8-BB4C-D23C43068BF0}.Debug|x64.Build.0 = Debug|Any CPU
		{C0DD8252-418A-47A8-BB4C-D23C43068BF0}.Debug|x86.ActiveCfg = Debug|Any CPU
		{C0DD8252-418A-47A8-BB4C-D23C43068BF0}.Debug|x86.Build.0 = Debug|Any CPU
		{C0DD8252-418A-47A8-BB4C-D23C43068BF0}.Release|Any CPU.ActiveCfg = Release|Any CPU
		{C0DD8252-418A-47A8-BB4C-D23C43068BF0}.Release|Any CPU.Build.0 = Release|Any CPU
		{C0DD8252-418A-47A8-BB4C-D23C43068BF0}.Release|x64.ActiveCfg = Release|Any CPU
		{C0DD8252-418A-47A8-BB4C-D23C43068BF0}.Release|x64.Build.0 = Release|Any CPU
		{C0DD8252-418A-47A8-BB4C-D23C43068BF0}.Release|x86.ActiveCfg = Release|Any CPU
		{C0DD8252-418A-47A8-BB4C-D23C43068BF0}.Release|x86.Build.0 = Release|Any CPU
	EndGlobalSection
	GlobalSection(SolutionProperties) = preSolution
		HideSolutionNode = FALSE
	EndGlobalSection
	GlobalSection(ExtensibilityGlobals) = postSolution
		SolutionGuid = {6397DE54-374F-4906-ADA3-FEB356FA2C6C}
	EndGlobalSection
EndGlobal
